<?xml version="1.0" encoding="utf-8"?>
<Project ToolsVersion="4.0" xmlns="http://schemas.microsoft.com/developer/msbuild/2003">
  <ItemGroup>
    <Filter Include="assets">
      <UniqueIdentifier>{1db9b687-8c5c-413d-8ef1-1aaecba420e9}</UniqueIdentifier>
    </Filter>
    <Filter Include="util">
      <UniqueIdentifier>{b4e11d5a-bb29-4454-b32f-3a0076ecb74e}</UniqueIdentifier>
    </Filter>
    <Filter Include="gui">
      <UniqueIdentifier>{e6c2ba9f-bdfe-4e84-8614-2cc24f833fe3}</UniqueIdentifier>
    </Filter>
    <Filter Include="interaction">
      <UniqueIdentifier>{b1d61782-c420-4061-8620-9bfa064a2bd0}</UniqueIdentifier>
    </Filter>
    <Filter Include="rendering">
      <UniqueIdentifier>{78110176-d5b2-4444-9461-dc81e5f5d0b6}</UniqueIdentifier>
    </Filter>
    <Filter Include="rendering\shaders">
      <UniqueIdentifier>{09bb9834-a695-4bd2-8a01-e97c17b54cbb}</UniqueIdentifier>
    </Filter>
    <Filter Include="gui\imgui">
      <UniqueIdentifier>{d731dadc-329f-4eea-b6ea-981930cd7052}</UniqueIdentifier>
    </Filter>
    <Filter Include="rendering\shaders\lighting">
      <UniqueIdentifier>{be065fe0-ad47-40d0-9f39-041565ad89b7}</UniqueIdentifier>
    </Filter>
    <Filter Include="assets\skyboxes">
      <UniqueIdentifier>{ec572821-7398-4808-b3a9-7589b4479f34}</UniqueIdentifier>
    </Filter>
    <Filter Include="assets\skyboxes\night_sky1">
      <UniqueIdentifier>{77ca6c23-5ebc-4479-b30f-3c0543aea777}</UniqueIdentifier>
    </Filter>
    <Filter Include="assets\skyboxes\night_sky2">
      <UniqueIdentifier>{4a90c51a-1599-4983-a051-a93fedbebf3a}</UniqueIdentifier>
    </Filter>
    <Filter Include="assets\skyboxes\cloudy_sky1">
      <UniqueIdentifier>{c14561f8-8140-46fe-85bf-2ad4bfc223cf}</UniqueIdentifier>
    </Filter>
    <Filter Include="assets\models">
      <UniqueIdentifier>{ff9f8a77-a772-4dd2-90e8-b189ea93745c}</UniqueIdentifier>
    </Filter>
    <Filter Include="assets\models\MGS_Brian">
      <UniqueIdentifier>{657c861f-9684-475d-9c66-81a36410679a}</UniqueIdentifier>
    </Filter>
    <Filter Include="assets\models\Gunner">
      <UniqueIdentifier>{0aaa4337-5964-42c5-ae9d-2657d050af27}</UniqueIdentifier>
    </Filter>
    <Filter Include="assets\models\vampire">
      <UniqueIdentifier>{5064719a-639f-4b5c-8c33-cb393f3c8d62}</UniqueIdentifier>
    </Filter>
    <Filter Include="assets\models\template">
      <UniqueIdentifier>{30c8b630-9522-4b4f-a69d-4a117c1cddc5}</UniqueIdentifier>
    </Filter>
    <Filter Include="assets\models\Snake">
      <UniqueIdentifier>{e6cd7426-bae9-4e7a-9c00-2186cf834d30}</UniqueIdentifier>
    </Filter>
    <Filter Include="assets\models\Snake\textures">
      <UniqueIdentifier>{aa13ce6c-313d-4e83-b19d-55741faa1c33}</UniqueIdentifier>
    </Filter>
    <Filter Include="assets\models\Camo_Scout">
      <UniqueIdentifier>{a2cc8bd3-46a8-4b56-8409-3408f1104c20}</UniqueIdentifier>
    </Filter>
    <Filter Include="assets\models\Camo_Scout\textures">
      <UniqueIdentifier>{8f7a431c-a908-449c-8ef3-4566cec3eb4d}</UniqueIdentifier>
    </Filter>
    <Filter Include="interaction\firearms">
      <UniqueIdentifier>{2334bbaa-130a-4a4b-99be-69ce46834dc7}</UniqueIdentifier>
    </Filter>
    <Filter Include="rendering\models">
      <UniqueIdentifier>{0233ffff-ed0c-471f-8114-8efbdf84326b}</UniqueIdentifier>
    </Filter>
    <Filter Include="assets\models\vepr_hunter">
      <UniqueIdentifier>{0c17fbb8-2059-467a-8347-a11285f783fc}</UniqueIdentifier>
    </Filter>
  </ItemGroup>
  <ItemGroup>
    <ClInclude Include="$(MSBuildThisFileDirectory)..\ImGui-master\imconfig.h">
      <Filter>gui\imgui</Filter>
    </ClInclude>
    <ClInclude Include="$(MSBuildThisFileDirectory)..\ImGui-master\imgui.h">
      <Filter>gui\imgui</Filter>
    </ClInclude>
    <ClInclude Include="$(MSBuildThisFileDirectory)..\ImGui-master\imgui_internal.h">
      <Filter>gui\imgui</Filter>
    </ClInclude>
    <ClInclude Include="$(MSBuildThisFileDirectory)..\ImGui-master\imstb_rectpack.h">
      <Filter>gui\imgui</Filter>
    </ClInclude>
    <ClInclude Include="$(MSBuildThisFileDirectory)..\ImGui-master\imstb_textedit.h">
      <Filter>gui\imgui</Filter>
    </ClInclude>
    <ClInclude Include="$(MSBuildThisFileDirectory)..\ImGui-master\imstb_truetype.h">
      <Filter>gui\imgui</Filter>
    </ClInclude>
    <ClInclude Include="$(MSBuildThisFileDirectory)..\ImGui-master\backends\imgui_impl_opengl3.h">
      <Filter>gui\imgui</Filter>
    </ClInclude>
    <ClInclude Include="$(MSBuildThisFileDirectory)..\ImGui-master\backends\imgui_impl_opengl3_loader.h">
      <Filter>gui\imgui</Filter>
    </ClInclude>
    <ClInclude Include="$(MSBuildThisFileDirectory)settings.h">
      <Filter>util</Filter>
    </ClInclude>
    <ClInclude Include="$(MSBuildThisFileDirectory)scene.h">
      <Filter>interaction</Filter>
    </ClInclude>
    <ClInclude Include="$(MSBuildThisFileDirectory)debug_log.h">
      <Filter>util</Filter>
    </ClInclude>
    <ClInclude Include="$(MSBuildThisFileDirectory)perlin.h">
      <Filter>util</Filter>
    </ClInclude>
    <ClInclude Include="$(MSBuildThisFileDirectory)fog.h">
      <Filter>rendering</Filter>
    </ClInclude>
    <ClInclude Include="$(MSBuildThisFileDirectory)light.h">
      <Filter>rendering</Filter>
    </ClInclude>
    <ClInclude Include="$(MSBuildThisFileDirectory)types.h">
      <Filter>util</Filter>
    </ClInclude>
    <ClInclude Include="$(MSBuildThisFileDirectory)skybox.h">
      <Filter>rendering</Filter>
    </ClInclude>
    <ClInclude Include="$(MSBuildThisFileDirectory)ray_caster.h">
      <Filter>interaction</Filter>
    </ClInclude>
    <ClInclude Include="$(MSBuildThisFileDirectory)object_pool.h">
      <Filter>util</Filter>
    </ClInclude>
    <ClInclude Include="$(MSBuildThisFileDirectory)health.h">
      <Filter>interaction</Filter>
    </ClInclude>
    <ClInclude Include="$(MSBuildThisFileDirectory)firearm.h">
      <Filter>interaction\firearms</Filter>
    </ClInclude>
    <ClInclude Include="$(MSBuildThisFileDirectory)inventory.h">
      <Filter>interaction</Filter>
    </ClInclude>
    <ClInclude Include="$(MSBuildThisFileDirectory)state_machine.h">
      <Filter>util</Filter>
    </ClInclude>
    <ClInclude Include="$(MSBuildThisFileDirectory)sgnode.h">
      <Filter>interaction</Filter>
    </ClInclude>
    <ClInclude Include="$(MSBuildThisFileDirectory)scene_graph.h">
      <Filter>interaction</Filter>
    </ClInclude>
    <ClInclude Include="$(MSBuildThisFileDirectory)gui_element_3d.h">
      <Filter>rendering</Filter>
    </ClInclude>
    <ClInclude Include="$(MSBuildThisFileDirectory)actors.h">
      <Filter>interaction</Filter>
    </ClInclude>
    <ClInclude Include="$(MSBuildThisFileDirectory)camera.h">
      <Filter>rendering</Filter>
    </ClInclude>
    <ClInclude Include="$(MSBuildThisFileDirectory)controls.h">
      <Filter>util</Filter>
    </ClInclude>
    <ClInclude Include="$(MSBuildThisFileDirectory)colliders.h">
      <Filter>interaction</Filter>
    </ClInclude>
    <ClInclude Include="$(MSBuildThisFileDirectory)common.h">
      <Filter>util</Filter>
    </ClInclude>
    <ClInclude Include="$(MSBuildThisFileDirectory)directions2.h">
      <Filter>util</Filter>
    </ClInclude>
    <ClInclude Include="$(MSBuildThisFileDirectory)editor.h">
      <Filter>gui</Filter>
    </ClInclude>
    <ClInclude Include="$(MSBuildThisFileDirectory)Game.h" />
    <ClInclude Include="$(MSBuildThisFileDirectory)gui.h">
      <Filter>gui</Filter>
    </ClInclude>
    <ClInclude Include="$(MSBuildThisFileDirectory)IInput.h">
      <Filter>util</Filter>
    </ClInclude>
    <ClInclude Include="$(MSBuildThisFileDirectory)IWindow.h">
      <Filter>util</Filter>
    </ClInclude>
    <ClInclude Include="$(MSBuildThisFileDirectory)maths.h">
      <Filter>util</Filter>
    </ClInclude>
    <ClInclude Include="$(MSBuildThisFileDirectory)ogl.h">
      <Filter>util</Filter>
    </ClInclude>
    <ClInclude Include="$(MSBuildThisFileDirectory)physics.h">
      <Filter>util</Filter>
    </ClInclude>
    <ClInclude Include="$(MSBuildThisFileDirectory)resources.h">
      <Filter>util</Filter>
    </ClInclude>
    <ClInclude Include="$(MSBuildThisFileDirectory)texture.h">
      <Filter>rendering</Filter>
    </ClInclude>
    <ClInclude Include="$(MSBuildThisFileDirectory)transform.h">
      <Filter>rendering</Filter>
    </ClInclude>
    <ClInclude Include="$(MSBuildThisFileDirectory)skeletal_model.h">
      <Filter>rendering\models</Filter>
    </ClInclude>
    <ClInclude Include="$(MSBuildThisFileDirectory)static_model.h">
      <Filter>rendering\models</Filter>
    </ClInclude>
    <ClInclude Include="$(MSBuildThisFileDirectory)model.h">
      <Filter>rendering\models</Filter>
    </ClInclude>
    <ClInclude Include="$(MSBuildThisFileDirectory)path.h">
      <Filter>interaction</Filter>
    </ClInclude>
    <ClInclude Include="$(MSBuildThisFileDirectory)gui2.h">
      <Filter>gui</Filter>
    </ClInclude>
  </ItemGroup>
  <ItemGroup>
    <ClCompile Include="$(MSBuildThisFileDirectory)..\ImGui-master\imgui.cpp">
      <Filter>gui\imgui</Filter>
    </ClCompile>
    <ClCompile Include="$(MSBuildThisFileDirectory)..\ImGui-master\imgui_demo.cpp">
      <Filter>gui\imgui</Filter>
    </ClCompile>
    <ClCompile Include="$(MSBuildThisFileDirectory)..\ImGui-master\imgui_draw.cpp">
      <Filter>gui\imgui</Filter>
    </ClCompile>
    <ClCompile Include="$(MSBuildThisFileDirectory)..\ImGui-master\imgui_tables.cpp">
      <Filter>gui\imgui</Filter>
    </ClCompile>
    <ClCompile Include="$(MSBuildThisFileDirectory)..\ImGui-master\imgui_widgets.cpp">
      <Filter>gui\imgui</Filter>
    </ClCompile>
    <ClCompile Include="$(MSBuildThisFileDirectory)..\ImGui-master\backends\imgui_impl_opengl3.cpp">
      <Filter>gui\imgui</Filter>
    </ClCompile>
    <ClCompile Include="$(MSBuildThisFileDirectory)maths.cpp">
      <Filter>util</Filter>
    </ClCompile>
    <ClCompile Include="$(MSBuildThisFileDirectory)scene.cpp">
      <Filter>interaction</Filter>
    </ClCompile>
    <ClCompile Include="$(MSBuildThisFileDirectory)debug_log.cpp">
      <Filter>util</Filter>
    </ClCompile>
    <ClCompile Include="$(MSBuildThisFileDirectory)perlin.cpp">
      <Filter>util</Filter>
    </ClCompile>
    <ClCompile Include="$(MSBuildThisFileDirectory)skybox.cpp">
      <Filter>rendering</Filter>
    </ClCompile>
    <ClCompile Include="$(MSBuildThisFileDirectory)fog.cpp">
      <Filter>rendering</Filter>
    </ClCompile>
    <ClCompile Include="$(MSBuildThisFileDirectory)light.cpp">
      <Filter>rendering</Filter>
    </ClCompile>
    <ClCompile Include="$(MSBuildThisFileDirectory)settings.cpp">
      <Filter>util</Filter>
    </ClCompile>
    <ClCompile Include="$(MSBuildThisFileDirectory)ray_caster.cpp">
      <Filter>interaction</Filter>
    </ClCompile>
    <ClCompile Include="$(MSBuildThisFileDirectory)firearm.cpp">
      <Filter>interaction\firearms</Filter>
    </ClCompile>
    <ClCompile Include="$(MSBuildThisFileDirectory)inventory.cpp">
      <Filter>interaction</Filter>
    </ClCompile>
    <ClCompile Include="$(MSBuildThisFileDirectory)actors.cpp">
      <Filter>interaction</Filter>
    </ClCompile>
    <ClCompile Include="$(MSBuildThisFileDirectory)camera.cpp">
      <Filter>rendering</Filter>
    </ClCompile>
    <ClCompile Include="$(MSBuildThisFileDirectory)colliders.cpp">
      <Filter>interaction</Filter>
    </ClCompile>
    <ClCompile Include="$(MSBuildThisFileDirectory)editor.cpp">
      <Filter>gui</Filter>
    </ClCompile>
    <ClCompile Include="$(MSBuildThisFileDirectory)Game.cpp" />
    <ClCompile Include="$(MSBuildThisFileDirectory)gui.cpp">
      <Filter>gui</Filter>
    </ClCompile>
    <ClCompile Include="$(MSBuildThisFileDirectory)ogl.cpp">
      <Filter>util</Filter>
    </ClCompile>
    <ClCompile Include="$(MSBuildThisFileDirectory)physics.cpp">
      <Filter>util</Filter>
    </ClCompile>
    <ClCompile Include="$(MSBuildThisFileDirectory)resources.cpp">
      <Filter>util</Filter>
    </ClCompile>
    <ClCompile Include="$(MSBuildThisFileDirectory)texture.cpp">
      <Filter>rendering</Filter>
    </ClCompile>
    <ClCompile Include="$(MSBuildThisFileDirectory)transform.cpp">
      <Filter>rendering</Filter>
    </ClCompile>
    <ClCompile Include="$(MSBuildThisFileDirectory)gui_element_3d.cpp">
      <Filter>rendering</Filter>
    </ClCompile>
    <ClCompile Include="$(MSBuildThisFileDirectory)scene_graph.cpp">
      <Filter>interaction</Filter>
    </ClCompile>
    <ClCompile Include="$(MSBuildThisFileDirectory)sgnode.cpp">
      <Filter>interaction</Filter>
    </ClCompile>
    <ClCompile Include="$(MSBuildThisFileDirectory)health.cpp">
      <Filter>interaction</Filter>
    </ClCompile>
    <ClCompile Include="$(MSBuildThisFileDirectory)skeletal_model.cpp">
      <Filter>rendering\models</Filter>
    </ClCompile>
    <ClCompile Include="$(MSBuildThisFileDirectory)static_model.cpp">
      <Filter>rendering\models</Filter>
    </ClCompile>
    <ClCompile Include="$(MSBuildThisFileDirectory)model.cpp">
      <Filter>rendering\models</Filter>
    </ClCompile>
    <ClCompile Include="$(MSBuildThisFileDirectory)path.cpp">
      <Filter>interaction</Filter>
    </ClCompile>
    <ClCompile Include="$(MSBuildThisFileDirectory)gui2.cpp">
      <Filter>gui</Filter>
    </ClCompile>
  </ItemGroup>
  <ItemGroup>
    <None Include="$(MSBuildThisFileDirectory)..\Assets\setup.sh">
      <Filter>assets</Filter>
    </None>
    <None Include="$(MSBuildThisFileDirectory)..\Assets\Shaders\textured.frag">
      <Filter>rendering\shaders</Filter>
    </None>
    <None Include="$(MSBuildThisFileDirectory)..\Assets\Shaders\textured.vert">
      <Filter>rendering\shaders</Filter>
    </None>
    <None Include="$(MSBuildThisFileDirectory)..\Assets\Shaders\wireframe.frag">
      <Filter>rendering\shaders</Filter>
    </None>
    <None Include="$(MSBuildThisFileDirectory)..\Assets\Shaders\wireframe.vert">
      <Filter>rendering\shaders</Filter>
    </None>
    <None Include="$(MSBuildThisFileDirectory)..\Assets\Shaders\skeletal.frag">
      <Filter>rendering\shaders</Filter>
    </None>
    <None Include="$(MSBuildThisFileDirectory)..\Assets\Shaders\skeletal.vert">
      <Filter>rendering\shaders</Filter>
    </None>
    <None Include="$(MSBuildThisFileDirectory)..\Assets\Models\MGS_Brian\MGS_Brian.mtl">
      <Filter>assets\models\MGS_Brian</Filter>
    </None>
    <None Include="$(MSBuildThisFileDirectory)..\Assets\Models\MGS_Brian\MGS_Brian.obj">
      <Filter>assets\models\MGS_Brian</Filter>
    </None>
    <None Include="$(MSBuildThisFileDirectory)..\Assets\Models\brian_01.mtl">
      <Filter>assets\models\template</Filter>
    </None>
    <None Include="$(MSBuildThisFileDirectory)..\Assets\Models\brian_02.mtl">
      <Filter>assets\models\template</Filter>
    </None>
    <None Include="$(MSBuildThisFileDirectory)..\Assets\Models\brian_03.mtl">
      <Filter>assets\models\template</Filter>
    </None>
    <None Include="$(MSBuildThisFileDirectory)..\Assets\Models\Gunner\Gunner.mtl">
      <Filter>assets\models\Gunner</Filter>
    </None>
    <None Include="$(MSBuildThisFileDirectory)..\Assets\Models\Gunner\Gunner.obj">
      <Filter>assets\models\Gunner</Filter>
    </None>
    <None Include="$(MSBuildThisFileDirectory)..\Assets\Models\vampire\dancing_vampire.dae">
      <Filter>assets\models\vampire</Filter>
    </None>
    <None Include="$(MSBuildThisFileDirectory)..\Assets\Shaders\fog_with_light.frag">
      <Filter>rendering\shaders</Filter>
    </None>
    <None Include="$(MSBuildThisFileDirectory)..\Assets\Shaders\unified_shader.frag">
      <Filter>rendering\shaders</Filter>
    </None>
    <None Include="$(MSBuildThisFileDirectory)..\Assets\Shaders\unified_shader.vert">
      <Filter>rendering\shaders</Filter>
    </None>
    <None Include="$(MSBuildThisFileDirectory)..\Assets\Shaders\light_casters_light.frag">
      <Filter>rendering\shaders\lighting</Filter>
    </None>
    <None Include="$(MSBuildThisFileDirectory)..\Assets\Shaders\light_casters_light.vert">
      <Filter>rendering\shaders\lighting</Filter>
    </None>
    <None Include="$(MSBuildThisFileDirectory)..\Assets\Shaders\light_casters_object.frag">
      <Filter>rendering\shaders\lighting</Filter>
    </None>
    <None Include="$(MSBuildThisFileDirectory)..\Assets\Shaders\light_casters_object.vert">
      <Filter>rendering\shaders\lighting</Filter>
    </None>
    <None Include="$(MSBuildThisFileDirectory)..\Assets\Shaders\light_casters_spotlight.frag">
      <Filter>rendering\shaders\lighting</Filter>
    </None>
    <None Include="$(MSBuildThisFileDirectory)..\Assets\Shaders\light_casters_spotlight.vert">
      <Filter>rendering\shaders\lighting</Filter>
    </None>
    <None Include="$(MSBuildThisFileDirectory)..\Assets\Shaders\lighting_maps_light.frag">
      <Filter>rendering\shaders\lighting</Filter>
    </None>
    <None Include="$(MSBuildThisFileDirectory)..\Assets\Shaders\lighting_maps_light.vert">
      <Filter>rendering\shaders\lighting</Filter>
    </None>
    <None Include="$(MSBuildThisFileDirectory)..\Assets\Shaders\lighting_maps_object.frag">
      <Filter>rendering\shaders\lighting</Filter>
    </None>
    <None Include="$(MSBuildThisFileDirectory)..\Assets\Shaders\lighting_maps_object.vert">
      <Filter>rendering\shaders\lighting</Filter>
    </None>
    <None Include="$(MSBuildThisFileDirectory)..\Assets\Shaders\skybox.frag">
      <Filter>rendering\shaders</Filter>
    </None>
    <None Include="$(MSBuildThisFileDirectory)..\Assets\Shaders\skybox.vert">
      <Filter>rendering\shaders</Filter>
    </None>
    <None Include="$(MSBuildThisFileDirectory)..\Assets\Shaders\debug_line.frag">
      <Filter>rendering\shaders</Filter>
    </None>
    <None Include="$(MSBuildThisFileDirectory)..\Assets\Shaders\debug_line.vert">
      <Filter>rendering\shaders</Filter>
    </None>
    <None Include="$(MSBuildThisFileDirectory)..\Assets\Models\Snake\Rifle Idle.dae">
      <Filter>assets\models\Snake</Filter>
    </None>
    <None Include="$(MSBuildThisFileDirectory)..\Assets\Models\Snake\Running.dae">
      <Filter>assets\models\Snake</Filter>
    </None>
    <None Include="$(MSBuildThisFileDirectory)..\Assets\Models\Snake\Snake.dae">
      <Filter>assets\models\Snake</Filter>
    </None>
    <None Include="$(MSBuildThisFileDirectory)..\Assets\Models\Snake\SnakewAnims.wanim">
      <Filter>assets\models\Snake</Filter>
    </None>
    <None Include="$(MSBuildThisFileDirectory)..\Assets\Shaders\main.frag">
      <Filter>rendering\shaders</Filter>
    </None>
    <None Include="$(MSBuildThisFileDirectory)..\Assets\Shaders\main.vert">
      <Filter>rendering\shaders</Filter>
    </None>
    <None Include="$(MSBuildThisFileDirectory)..\Assets\Shaders\fog_with_light.vert">
      <Filter>rendering\shaders</Filter>
    </None>
    <None Include="$(MSBuildThisFileDirectory)..\Assets\Shaders\fog.frag">
      <Filter>rendering\shaders</Filter>
    </None>
    <None Include="$(MSBuildThisFileDirectory)..\Assets\Shaders\fog.vert">
      <Filter>rendering\shaders</Filter>
    </None>
    <None Include="$(MSBuildThisFileDirectory)..\Assets\Shaders\ui_wireframe.frag">
      <Filter>rendering\shaders</Filter>
    </None>
    <None Include="$(MSBuildThisFileDirectory)..\Assets\Shaders\ui_wireframe.vert">
      <Filter>rendering\shaders</Filter>
    </None>
    <None Include="$(MSBuildThisFileDirectory)..\Assets\Shaders\ui_element.frag">
      <Filter>rendering\shaders</Filter>
    </None>
    <None Include="$(MSBuildThisFileDirectory)..\Assets\Shaders\ui_element.vert">
      <Filter>rendering\shaders</Filter>
    </None>
    <None Include="$(MSBuildThisFileDirectory)..\Assets\Models\camo_scout\camo_scout.dae">
      <Filter>assets\models\Camo_Scout</Filter>
    </None>
    <None Include="$(MSBuildThisFileDirectory)..\Assets\Models\camo_scout\camo_scout.wanim">
      <Filter>assets\models\Camo_Scout</Filter>
    </None>
    <None Include="$(MSBuildThisFileDirectory)..\Assets\Models\Vepr_Hunter3\vepr_hunter.dae">
      <Filter>assets\models\vepr_hunter</Filter>
    </None>
  </ItemGroup>
  <ItemGroup>
    <Object Include="$(MSBuildThisFileDirectory)..\Assets\Models\brian_01.obj">
      <Filter>assets\models\template</Filter>
    </Object>
    <Object Include="$(MSBuildThisFileDirectory)..\Assets\Models\brian_02.obj">
      <Filter>assets\models\template</Filter>
    </Object>
    <Object Include="$(MSBuildThisFileDirectory)..\Assets\Models\brian_03.obj">
      <Filter>assets\models\template</Filter>
    </Object>
  </ItemGroup>
  <ItemGroup>
    <Image Include="$(MSBuildThisFileDirectory)..\Assets\Models\MGS_Brian\m00_con_newf.png">
      <Filter>assets\models\MGS_Brian</Filter>
    </Image>
    <Image Include="$(MSBuildThisFileDirectory)..\Assets\Models\MGS_Brian\m00_con_news.png">
      <Filter>assets\models\MGS_Brian</Filter>
    </Image>
    <Image Include="$(MSBuildThisFileDirectory)..\Assets\Models\MGS_Brian\m00_pla_con4t.png">
      <Filter>assets\models\MGS_Brian</Filter>
    </Image>
    <Image Include="$(MSBuildThisFileDirectory)..\Assets\Models\MGS_Brian\m00_pla_cwall1.png">
      <Filter>assets\models\MGS_Brian</Filter>
    </Image>
    <Image Include="$(MSBuildThisFileDirectory)..\Assets\Models\MGS_Brian\m00_pla_cwall2.png">
      <Filter>assets\models\MGS_Brian</Filter>
    </Image>
    <Image Include="$(MSBuildThisFileDirectory)..\Assets\Models\MGS_Brian\m00_pla_flo1.png">
      <Filter>assets\models\MGS_Brian</Filter>
    </Image>
    <Image Include="$(MSBuildThisFileDirectory)..\Assets\Models\MGS_Brian\m00_pla_flo13msk.png">
      <Filter>assets\models\MGS_Brian</Filter>
    </Image>
    <Image Include="$(MSBuildThisFileDirectory)..\Assets\Models\MGS_Brian\m00_pla_tnkf1.png">
      <Filter>assets\models\MGS_Brian</Filter>
    </Image>
    <Image Include="$(MSBuildThisFileDirectory)..\Assets\Models\MGS_Brian\m00_pla_tnkt.png">
      <Filter>assets\models\MGS_Brian</Filter>
    </Image>
    <Image Include="$(MSBuildThisFileDirectory)..\Assets\Models\MGS_Brian\m00_pla_undersea_1.png">
      <Filter>assets\models\MGS_Brian</Filter>
    </Image>
    <Image Include="$(MSBuildThisFileDirectory)..\Assets\Models\MGS_Brian\m00_pla_wall4.png">
      <Filter>assets\models\MGS_Brian</Filter>
    </Image>
    <Image Include="$(MSBuildThisFileDirectory)..\Assets\Models\MGS_Brian\m02_hung_01msk.png">
      <Filter>assets\models\MGS_Brian</Filter>
    </Image>
    <Image Include="$(MSBuildThisFileDirectory)..\Assets\Models\MGS_Brian\m4n_b2_00.png">
      <Filter>assets\models\MGS_Brian</Filter>
    </Image>
    <Image Include="$(MSBuildThisFileDirectory)..\Assets\Models\MGS_Brian\m4n_b2_01.png">
      <Filter>assets\models\MGS_Brian</Filter>
    </Image>
    <Image Include="$(MSBuildThisFileDirectory)..\Assets\Models\MGS_Brian\m4n_b2_02.png">
      <Filter>assets\models\MGS_Brian</Filter>
    </Image>
    <Image Include="$(MSBuildThisFileDirectory)..\Assets\Models\MGS_Brian\tiyo.png">
      <Filter>assets\models\MGS_Brian</Filter>
    </Image>
    <Image Include="$(MSBuildThisFileDirectory)..\Assets\Models\brian_01.png">
      <Filter>assets\models\template</Filter>
    </Image>
    <Image Include="$(MSBuildThisFileDirectory)..\Assets\Models\brian_01_em.png">
      <Filter>assets\models\template</Filter>
    </Image>
    <Image Include="$(MSBuildThisFileDirectory)..\Assets\Models\brian_02.png">
      <Filter>assets\models\template</Filter>
    </Image>
    <Image Include="$(MSBuildThisFileDirectory)..\Assets\Models\brian_02_em.png">
      <Filter>assets\models\template</Filter>
    </Image>
    <Image Include="$(MSBuildThisFileDirectory)..\Assets\Models\brian_03.png">
      <Filter>assets\models\template</Filter>
    </Image>
    <Image Include="$(MSBuildThisFileDirectory)..\Assets\Models\brian_03_em.png">
      <Filter>assets\models\template</Filter>
    </Image>
    <Image Include="$(MSBuildThisFileDirectory)..\Assets\Textures\Harvey2.jpg">
      <Filter>assets\models\template</Filter>
    </Image>
    <Image Include="$(MSBuildThisFileDirectory)..\Assets\Models\Gunner\pain.png">
      <Filter>assets\models\Gunner</Filter>
    </Image>
    <Image Include="$(MSBuildThisFileDirectory)..\Assets\Models\Gunner\skin.png">
      <Filter>assets\models\Gunner</Filter>
    </Image>
    <Image Include="$(MSBuildThisFileDirectory)..\Assets\Models\vampire\textures\Vampire_diffuse.png">
      <Filter>assets\models\vampire</Filter>
    </Image>
    <Image Include="$(MSBuildThisFileDirectory)..\Assets\Models\vampire\textures\Vampire_emission.png">
      <Filter>assets\models\vampire</Filter>
    </Image>
    <Image Include="$(MSBuildThisFileDirectory)..\Assets\Models\vampire\textures\Vampire_normal.png">
      <Filter>assets\models\vampire</Filter>
    </Image>
    <Image Include="$(MSBuildThisFileDirectory)..\Assets\Models\vampire\textures\Vampire_specular.png">
      <Filter>assets\models\vampire</Filter>
    </Image>
    <Image Include="$(MSBuildThisFileDirectory)..\Assets\Skyboxes\night_sky1\nx.png">
      <Filter>assets\skyboxes\night_sky1</Filter>
    </Image>
    <Image Include="$(MSBuildThisFileDirectory)..\Assets\Skyboxes\night_sky1\ny.png">
      <Filter>assets\skyboxes\night_sky1</Filter>
    </Image>
    <Image Include="$(MSBuildThisFileDirectory)..\Assets\Skyboxes\night_sky1\nz.png">
      <Filter>assets\skyboxes\night_sky1</Filter>
    </Image>
    <Image Include="$(MSBuildThisFileDirectory)..\Assets\Skyboxes\night_sky1\px.png">
      <Filter>assets\skyboxes\night_sky1</Filter>
    </Image>
    <Image Include="$(MSBuildThisFileDirectory)..\Assets\Skyboxes\night_sky1\py.png">
      <Filter>assets\skyboxes\night_sky1</Filter>
    </Image>
    <Image Include="$(MSBuildThisFileDirectory)..\Assets\Skyboxes\night_sky1\pz.png">
      <Filter>assets\skyboxes\night_sky1</Filter>
    </Image>
    <Image Include="$(MSBuildThisFileDirectory)..\Assets\Skyboxes\night_sky2\nx.png">
      <Filter>assets\skyboxes\night_sky2</Filter>
    </Image>
    <Image Include="$(MSBuildThisFileDirectory)..\Assets\Skyboxes\night_sky2\ny.png">
      <Filter>assets\skyboxes\night_sky2</Filter>
    </Image>
    <Image Include="$(MSBuildThisFileDirectory)..\Assets\Skyboxes\night_sky2\nz.png">
      <Filter>assets\skyboxes\night_sky2</Filter>
    </Image>
    <Image Include="$(MSBuildThisFileDirectory)..\Assets\Skyboxes\night_sky2\px.png">
      <Filter>assets\skyboxes\night_sky2</Filter>
    </Image>
    <Image Include="$(MSBuildThisFileDirectory)..\Assets\Skyboxes\night_sky2\py.png">
      <Filter>assets\skyboxes\night_sky2</Filter>
    </Image>
    <Image Include="$(MSBuildThisFileDirectory)..\Assets\Skyboxes\night_sky2\pz.png">
      <Filter>assets\skyboxes\night_sky2</Filter>
    </Image>
    <Image Include="$(MSBuildThisFileDirectory)..\Assets\Skyboxes\cloudy_sky1\nx.png">
      <Filter>assets\skyboxes\cloudy_sky1</Filter>
    </Image>
    <Image Include="$(MSBuildThisFileDirectory)..\Assets\Skyboxes\cloudy_sky1\ny.png">
      <Filter>assets\skyboxes\cloudy_sky1</Filter>
    </Image>
    <Image Include="$(MSBuildThisFileDirectory)..\Assets\Skyboxes\cloudy_sky1\nz.png">
      <Filter>assets\skyboxes\cloudy_sky1</Filter>
    </Image>
    <Image Include="$(MSBuildThisFileDirectory)..\Assets\Skyboxes\cloudy_sky1\px.png">
      <Filter>assets\skyboxes\cloudy_sky1</Filter>
    </Image>
    <Image Include="$(MSBuildThisFileDirectory)..\Assets\Skyboxes\cloudy_sky1\py.png">
      <Filter>assets\skyboxes\cloudy_sky1</Filter>
    </Image>
    <Image Include="$(MSBuildThisFileDirectory)..\Assets\Skyboxes\cloudy_sky1\pz.png">
      <Filter>assets\skyboxes\cloudy_sky1</Filter>
    </Image>
    <Image Include="$(MSBuildThisFileDirectory)..\Assets\Models\Snake\textures\Tex_0645_0.png">
      <Filter>assets\models\Snake\textures</Filter>
    </Image>
    <Image Include="$(MSBuildThisFileDirectory)..\Assets\Models\Snake\textures\Tex_0646_0.png">
      <Filter>assets\models\Snake\textures</Filter>
    </Image>
    <Image Include="$(MSBuildThisFileDirectory)..\Assets\Models\Snake\textures\Tex_0655_0.png">
      <Filter>assets\models\Snake\textures</Filter>
    </Image>
    <Image Include="$(MSBuildThisFileDirectory)..\Assets\Models\Snake\textures\Tex_0656_0.png">
      <Filter>assets\models\Snake\textures</Filter>
    </Image>
    <Image Include="$(MSBuildThisFileDirectory)..\Assets\Models\Snake\textures\Tex_0657_0.png">
      <Filter>assets\models\Snake\textures</Filter>
    </Image>
    <Image Include="$(MSBuildThisFileDirectory)..\Assets\Models\Snake\textures\Tex_0659_0.png">
      <Filter>assets\models\Snake\textures</Filter>
    </Image>
    <Image Include="$(MSBuildThisFileDirectory)..\Assets\Models\Snake\textures\Tex_0668_0.png">
      <Filter>assets\models\Snake\textures</Filter>
    </Image>
    <Image Include="$(MSBuildThisFileDirectory)..\Assets\Models\Snake\textures\Tex_0670_0.png">
      <Filter>assets\models\Snake\textures</Filter>
    </Image>
    <Image Include="$(MSBuildThisFileDirectory)..\Assets\Models\Snake\textures\Tex_0671_0.png">
      <Filter>assets\models\Snake\textures</Filter>
    </Image>
    <Image Include="$(MSBuildThisFileDirectory)..\Assets\Models\Snake\textures\Tex_0672_0.png">
      <Filter>assets\models\Snake\textures</Filter>
    </Image>
    <Image Include="$(MSBuildThisFileDirectory)..\Assets\Models\Snake\textures\Tex_0675_0.png">
      <Filter>assets\models\Snake\textures</Filter>
    </Image>
    <Image Include="$(MSBuildThisFileDirectory)..\Assets\Models\Snake\textures\Tex_0676_0.png">
      <Filter>assets\models\Snake\textures</Filter>
    </Image>
    <Image Include="$(MSBuildThisFileDirectory)..\Assets\Models\Snake\textures\Tex_0677_0.png">
      <Filter>assets\models\Snake\textures</Filter>
    </Image>
    <Image Include="$(MSBuildThisFileDirectory)..\Assets\Models\Snake\textures\Tex_0678_0.png">
      <Filter>assets\models\Snake\textures</Filter>
    </Image>
    <Image Include="$(MSBuildThisFileDirectory)..\Assets\Models\Snake\textures\Tex_0679_0.png">
      <Filter>assets\models\Snake\textures</Filter>
    </Image>
    <Image Include="$(MSBuildThisFileDirectory)..\Assets\Models\Snake\textures\Tex_0691_0.png">
      <Filter>assets\models\Snake\textures</Filter>
    </Image>
    <Image Include="$(MSBuildThisFileDirectory)..\Assets\Models\Snake\textures\Tex_0692_0.png">
      <Filter>assets\models\Snake\textures</Filter>
    </Image>
    <Image Include="$(MSBuildThisFileDirectory)..\Assets\Models\Snake\textures\Tex_0693_0.png">
      <Filter>assets\models\Snake\textures</Filter>
    </Image>
    <Image Include="$(MSBuildThisFileDirectory)..\Assets\Models\Snake\textures\Tex_0694_0.png">
      <Filter>assets\models\Snake\textures</Filter>
    </Image>
    <Image Include="$(MSBuildThisFileDirectory)..\Assets\Models\Snake\textures\Tex_0695_0.png">
      <Filter>assets\models\Snake\textures</Filter>
    </Image>
    <Image Include="$(MSBuildThisFileDirectory)..\Assets\Models\Snake\textures\Tex_0696_0.png">
      <Filter>assets\models\Snake\textures</Filter>
    </Image>
    <Image Include="$(MSBuildThisFileDirectory)..\Assets\Models\Snake\textures\Tex_0697_0.png">
      <Filter>assets\models\Snake\textures</Filter>
    </Image>
    <Image Include="$(MSBuildThisFileDirectory)..\Assets\Models\camo_scout\textures\Arms.png">
      <Filter>assets\models\Camo_Scout\textures</Filter>
    </Image>
    <Image Include="$(MSBuildThisFileDirectory)..\Assets\Models\camo_scout\textures\BootsBag.png">
      <Filter>assets\models\Camo_Scout\textures</Filter>
    </Image>
    <Image Include="$(MSBuildThisFileDirectory)..\Assets\Models\camo_scout\textures\FaceBeltCanteen.png">
      <Filter>assets\models\Camo_Scout\textures</Filter>
    </Image>
    <Image Include="$(MSBuildThisFileDirectory)..\Assets\Models\camo_scout\textures\GlovesHat.png">
      <Filter>assets\models\Camo_Scout\textures</Filter>
    </Image>
    <Image Include="$(MSBuildThisFileDirectory)..\Assets\Models\camo_scout\textures\Legs2.png">
      <Filter>assets\models\Camo_Scout\textures</Filter>
    </Image>
    <Image Include="$(MSBuildThisFileDirectory)..\Assets\Models\camo_scout\textures\LegsMask.png">
      <Filter>assets\models\Camo_Scout\textures</Filter>
    </Image>
    <Image Include="$(MSBuildThisFileDirectory)..\Assets\Models\camo_scout\textures\Pocket.png">
      <Filter>assets\models\Camo_Scout\textures</Filter>
    </Image>
    <Image Include="$(MSBuildThisFileDirectory)..\Assets\Models\camo_scout\textures\Pouches.png">
      <Filter>assets\models\Camo_Scout\textures</Filter>
    </Image>
    <Image Include="$(MSBuildThisFileDirectory)..\Assets\Models\camo_scout\textures\Torso1.png">
      <Filter>assets\models\Camo_Scout\textures</Filter>
    </Image>
    <Image Include="$(MSBuildThisFileDirectory)..\Assets\Models\camo_scout\textures\Torso2.png">
      <Filter>assets\models\Camo_Scout\textures</Filter>
    </Image>
    <Image Include="$(MSBuildThisFileDirectory)..\Assets\Models\camo_scout\textures\Waist.png">
      <Filter>assets\models\Camo_Scout\textures</Filter>
    </Image>
    <Image Include="$(MSBuildThisFileDirectory)..\Assets\Models\Vepr_Hunter3\Scene_-_Root_baseColor.png">
      <Filter>assets\models\vepr_hunter</Filter>
    </Image>
  </ItemGroup>
</Project>